
Microsoft Visual Studio Solution File, Format Version 12.00
# Visual Studio Version 17
VisualStudioVersion = 17.13.35825.156 d17.13
MinimumVisualStudioVersion = 10.0.40219.1
Project("{FAE04EC0-301F-11D3-BF4B-00C04F79EFBC}") = "20250319", "20250319.csproj", "{47818DFE-F37B-4990-B698-D7371CEF8A84}"
EndProject
Global
	GlobalSection(SolutionConfigurationPlatforms) = preSolution
		Debug|Any CPU = Debug|Any CPU
		Release|Any CPU = Release|Any CPU
	EndGlobalSection
	GlobalSection(ProjectConfigurationPlatforms) = postSolution
		{47818DFE-F37B-4990-B698-D7371CEF8A84}.Debug|Any CPU.ActiveCfg = Debug|Any CPU
		{47818DFE-F37B-4990-B698-D7371CEF8A84}.Debug|Any CPU.Build.0 = Debug|Any CPU
		{47818DFE-F37B-4990-B698-D7371CEF8A84}.Release|Any CPU.ActiveCfg = Release|Any CPU
		{47818DFE-F37B-4990-B698-D7371CEF8A84}.Release|Any CPU.Build.0 = Release|Any CPU
	EndGlobalSection
	GlobalSection(SolutionProperties) = preSolution
		HideSolutionNode = FALSE
	EndGlobalSection
	GlobalSection(ExtensibilityGlobals) = postSolution
		SolutionGuid = {9EE644A6-1D64-46A9-9C3E-F908CA1BB60A}
	EndGlobalSection
EndGlobal
